{
  "version": 4,
  "terraform_version": "1.15.6",
  "serial": 10,
  "lineage": "be1b6f7f-3365-73ed-5808-03a469b7b681",
  "outputs": {
    "app_url": {
      "value": "http://localhost:8001",
      "type": "string"
    },
    "container_id": {
      "value": "acb49a1b9d47f91fc7451f04267003a86c2759e8c38e96e91b36dcbf56dafc60",
      "type": "string"
    },
    "network_name": {
      "value": "cicd-network",
      "type": "string"
    }
  },
  "resources": [
    {
      "mode": "data",
      "type": "docker_network",
      "name": "cicd",
      "provider": "provider[\"registry.terraform.io/kreuzwerker/docker\"]",
      "instances": [
        {
          "schema_version": 0,
          "attributes": {
            "driver": "bridge",
            "id": "82974019731a18debeeb92c0fee99cffe4cec333dd98bca9a72840e6dd43b155",
            "internal": false,
            "ipam_config": [
              {
                "aux_address": {},
                "gateway": "172.19.0.1",
                "ip_range": "",
                "subnet": "172.19.0.0/16"
              }
            ],
            "name": "cicd-network",
            "options": {
              "com.docker.network.enable_ipv4": "true",
              "com.docker.network.enable_ipv6": "false"
            },
            "scope": "local"
          },
          "sensitive_attributes": [],
          "identity_schema_version": 0
        }
      ]
    },
    {
      "mode": "managed",
      "type": "docker_image",
      "name": "sentiment",
      "provider": "provider[\"registry.terraform.io/kreuzwerker/docker\"]",
      "instances": [
        {
          "schema_version": 0,
          "attributes": {
            "build": [],
            "force_remove": null,
            "id": "sha256:a0f45744b86ebd878ce6ad27ead2c118eaab7c3379c48f8a223914dde60ff69fsentiment-ai:latest",
            "image_id": "sha256:a0f45744b86ebd878ce6ad27ead2c118eaab7c3379c48f8a223914dde60ff69f",
            "keep_locally": true,
            "name": "sentiment-ai:latest",
            "platform": null,
            "pull_triggers": null,
            "repo_digest": "sentiment-ai@sha256:a0f45744b86ebd878ce6ad27ead2c118eaab7c3379c48f8a223914dde60ff69f",
            "timeouts": null,
            "triggers": null
          },
          "sensitive_attributes": [],
          "identity_schema_version": 0,
          "private": "eyJlMmJmYjczMC1lY2FhLTExZTYtOGY4OC0zNDM2M2JjN2M0YzAiOnsiY3JlYXRlIjoxMjAwMDAwMDAwMDAwLCJkZWxldGUiOjEyMDAwMDAwMDAwMDAsInVwZGF0ZSI6MTIwMDAwMDAwMDAwMH19"
        }
      ]
    },
    {
      "mode": "managed",
      "type": "docker_network",
      "name": "cicd",
      "provider": "provider[\"registry.terraform.io/kreuzwerker/docker\"]",
      "instances": [
        {
          "schema_version": 1,
          "attributes": {
            "attachable": false,
            "check_duplicate": null,
            "driver": "bridge",
            "id": "82974019731a18debeeb92c0fee99cffe4cec333dd98bca9a72840e6dd43b155",
            "ingress": false,
            "internal": false,
            "ipam_config": [
              {
                "aux_address": {},
                "gateway": "172.19.0.1",
                "ip_range": "",
                "subnet": "172.19.0.0/16"
              }
            ],
            "ipam_driver": "default",
            "ipam_options": {},
            "ipv6": false,
            "labels": [],
            "name": "cicd-network",
            "options": {
              "com.docker.network.enable_ipv4": "true",
              "com.docker.network.enable_ipv6": "false"
            },
            "scope": "local"
          },
          "sensitive_attributes": [],
          "identity_schema_version": 0,
          "private": "eyJzY2hlbWFfdmVyc2lvbiI6IjEifQ=="
        }
      ]
    }
  ],
  "check_results": null
}
